{
    "_readme": [
        "This file locks the dependencies of your project to a known state",
        "Read more about it at https://getcomposer.org/doc/01-basic-usage.md#installing-dependencies",
        "This file is @generated automatically"
    ],
    "content-hash": "a8f1dd6c54044d77742247fb4ebe5bd2",
    "packages": [
        {
            "name": "phemto/phemto",
            "version": "dev-master",
            "source": {
                "type": "git",
                "url": "https://github.com/Vektah/phemto.git",
                "reference": "cd61af2b4747a6eeb082f48b1fc28835daa01056"
            },
            "dist": {
                "type": "zip",
                "url": "https://api.github.com/repos/Vektah/phemto/zipball/cd61af2b4747a6eeb082f48b1fc28835daa01056",
                "reference": "cd61af2b4747a6eeb082f48b1fc28835daa01056",
                "shasum": ""
            },
            "require-dev": {
                "pear-pear.phpdoc.org/phpdocumentor": "*@dev",
                "phpunit/phpunit": "3.7.10"
            },
            "type": "library",
            "autoload": {
                "psr-0": {
                    "phemto": "src/"
                }
            },
            "notification-url": "https://packagist.org/downloads/",
            "authors": [
                {
                    "name": "Adam Scarr",
                    "email": "adams@benon.com"
                }
            ],
            "description": "Phemto PHP Dependency Injection Framework",
            "time": "2013-04-10T03:42:23+00:00"
        }
    ],
    "packages-dev": [],
    "aliases": [],
    "minimum-stability": "stable",
    "stability-flags": {
        "phemto/phemto": 20
    },
    "prefer-stable": false,
    "prefer-lowest": false,
    "platform": [],
    "platform-dev": []
}
